
Microsoft Visual Studio Solution File, Format Version 12.00
# Visual Studio Version 16
VisualStudioVersion = 16.0.33927.289
MinimumVisualStudioVersion = 10.0.40219.1
Project("{2150E333-8FDC-42A3-9474-1A3956D46DE8}") = "Task1", "Task1", "{A3A27498-2F06-4757-B0D5-95E2F9E286EB}"
EndProject
Project("{FAE04EC0-301F-11D3-BF4B-00C04F79EFBC}") = "Tyuiu.KorneevaEA.Sprint3.Task1.V24", "Tyuiu.KorneevaEA.Sprint3.Task1.V24\Tyuiu.KorneevaEA.Sprint3.Task1.V24.csproj", "{B3CB2239-8CB7-43C9-B105-9B0E667B8C83}"
EndProject
Project("{FAE04EC0-301F-11D3-BF4B-00C04F79EFBC}") = "Tyuiu.KorneevaEA.Sprint3.Task1.V24.Lib", "Tyuiu.KorneevaEA.Sprint3.Task1.V24.Lib\Tyuiu.KorneevaEA.Sprint3.Task1.V24.Lib.csproj", "{C097DCAF-A545-4833-92D0-C14C344C1845}"
EndProject
Project("{FAE04EC0-301F-11D3-BF4B-00C04F79EFBC}") = "Tyuiu.KorneevaEA.Sprint3.Task1.V24.Test", "Tyuiu.KorneevaEA.Sprint3.Task1.V24.Test\Tyuiu.KorneevaEA.Sprint3.Task1.V24.Test.csproj", "{FD96AD2D-69F3-4EF5-9286-721FBA7C7786}"
EndProject
Project("{2150E333-8FDC-42A3-9474-1A3956D46DE8}") = "Task0", "Task0", "{C470B2FA-73E9-455C-B1C0-17BFC98B26F6}"
EndProject
Project("{FAE04EC0-301F-11D3-BF4B-00C04F79EFBC}") = "Tyuiu.KorneevaEA.Sprint3.Task0.V19", "Tyuiu.KorneevaEA.Sprint3.Task0.V19\Tyuiu.KorneevaEA.Sprint3.Task0.V19.csproj", "{3B0AFA31-EE5A-4EB5-8B92-A9D058946DC3}"
EndProject
Project("{FAE04EC0-301F-11D3-BF4B-00C04F79EFBC}") = "Tyuiu.KorneevaEA.Sprint3.Task0.V19.Test", "Tyuiu.KorneevaEA.Sprint3.Task0.V19.Test\Tyuiu.KorneevaEA.Sprint3.Task0.V19.Test.csproj", "{F03556B8-E099-4C66-9F36-FE15D9A7CC18}"
EndProject
Project("{FAE04EC0-301F-11D3-BF4B-00C04F79EFBC}") = "Tyuiu.KorneevaEA.Sprint3.Task0.V19.Lib", "Tyuiu.KorneevaEA.Sprint3.Task0.V19.Lib\Tyuiu.KorneevaEA.Sprint3.Task0.V19.Lib.csproj", "{5215856F-1BC3-4699-8348-6ED704854B03}"
EndProject
Project("{2150E333-8FDC-42A3-9474-1A3956D46DE8}") = "Task2", "Task2", "{D484C6F3-435D-401C-9883-E84711F1E0C9}"
EndProject
Project("{FAE04EC0-301F-11D3-BF4B-00C04F79EFBC}") = "Tyuiu.KorneevaEA.Sprint3.Task2.V14", "Tyuiu.KorneevaEA.Sprint3.Task2.V14\Tyuiu.KorneevaEA.Sprint3.Task2.V14.csproj", "{BA98039A-010C-44AB-9C18-182362DD8B0B}"
EndProject
Project("{FAE04EC0-301F-11D3-BF4B-00C04F79EFBC}") = "Tyuiu.KorneevaEA.Sprint3.Task2.V14.Lib", "Tyuiu.KorneevaEA.Sprint3.Task2.V14.Lib\Tyuiu.KorneevaEA.Sprint3.Task2.V14.Lib.csproj", "{E228C214-180F-4537-BED4-FEB243F14323}"
EndProject
Project("{FAE04EC0-301F-11D3-BF4B-00C04F79EFBC}") = "Tyuiu.KorneevaEA.Sprint3.Task2.V14.Test", "Tyuiu.KorneevaEA.Sprint3.Task2.V14.Test\Tyuiu.KorneevaEA.Sprint3.Task2.V14.Test.csproj", "{31DC6D54-452C-45D3-85FC-51C4FB47DAE6}"
EndProject
Project("{2150E333-8FDC-42A3-9474-1A3956D46DE8}") = "Task3", "Task3", "{43E4F9DF-3DC3-40EC-85BB-A73296832567}"
EndProject
Project("{FAE04EC0-301F-11D3-BF4B-00C04F79EFBC}") = "Tyuiu.KorneevaEA.Sprint3.Task3.V22", "Tyuiu.KorneevaEA.Sprint3.Task3.V22\Tyuiu.KorneevaEA.Sprint3.Task3.V22.csproj", "{C10D9BFB-2E56-4E9E-9716-92D659DE000F}"
EndProject
Project("{FAE04EC0-301F-11D3-BF4B-00C04F79EFBC}") = "Tyuiu.KorneevaEA.Sprint3.Task3.V22.Test", "Tyuiu.KorneevaEA.Sprint3.Task3.V22.Test\Tyuiu.KorneevaEA.Sprint3.Task3.V22.Test.csproj", "{6D74F992-4627-42E6-A97D-7980212F0DD6}"
EndProject
Project("{FAE04EC0-301F-11D3-BF4B-00C04F79EFBC}") = "Tyuiu.KorneevaEA.Sprint3.Task3.V22.Lib", "Tyuiu.KorneevaEA.Sprint3.Task3.V22.Lib\Tyuiu.KorneevaEA.Sprint3.Task3.V22.Lib.csproj", "{F5505AF8-54E3-4E9F-AA79-DE723367C038}"
EndProject
Project("{2150E333-8FDC-42A3-9474-1A3956D46DE8}") = "Task4", "Task4", "{40F1EDBD-8093-402F-824D-FCFFDA5C0796}"
EndProject
Project("{FAE04EC0-301F-11D3-BF4B-00C04F79EFBC}") = "Tyuiu.KorneevaEA.Sprint3.Task4.V12", "Tyuiu.KorneevaEA.Sprint3.Task4.V12\Tyuiu.KorneevaEA.Sprint3.Task4.V12.csproj", "{D352231D-4975-410D-A552-D1BCB17D99B7}"
EndProject
Project("{FAE04EC0-301F-11D3-BF4B-00C04F79EFBC}") = "Tyuiu.KorneevaEA.Sprint3.Task4.V12.Lib", "Tyuiu.KorneevaEA.Sprint3.Task4.V12.Lib\Tyuiu.KorneevaEA.Sprint3.Task4.V12.Lib.csproj", "{81A42146-894A-4B11-A899-DDD262DB0C3E}"
EndProject
Project("{FAE04EC0-301F-11D3-BF4B-00C04F79EFBC}") = "Tyuiu.KorneevaEA.Sprint3.Task4.V12.Test", "Tyuiu.KorneevaEA.Sprint3.Task4.V12.Test\Tyuiu.KorneevaEA.Sprint3.Task4.V12.Test.csproj", "{E4CBBB4F-DFEA-4131-BA30-62569FE450EA}"
EndProject
Project("{2150E333-8FDC-42A3-9474-1A3956D46DE8}") = "Task5", "Task5", "{52638DF9-B494-4B35-BBA8-5E62FF275508}"
EndProject
Project("{FAE04EC0-301F-11D3-BF4B-00C04F79EFBC}") = "Tyuiu.KorneevaEA.Sprint3.Task5.V13", "Tyuiu.KorneevaEA.Sprint3.Task5.V13\Tyuiu.KorneevaEA.Sprint3.Task5.V13.csproj", "{D8BB3B39-78C4-4D98-924F-974FC4D0DC0D}"
EndProject
Project("{FAE04EC0-301F-11D3-BF4B-00C04F79EFBC}") = "Tyuiu.KorneevaEA.Sprint3.Task5.V13.Test", "Tyuiu.KorneevaEA.Sprint3.Task5.V13.Test\Tyuiu.KorneevaEA.Sprint3.Task5.V13.Test.csproj", "{14C5DC46-1D18-4397-B245-063DFBBECC3A}"
EndProject
Project("{FAE04EC0-301F-11D3-BF4B-00C04F79EFBC}") = "Tyuiu.KorneevaEA.Sprint3.Task5.V13.Lib", "Tyuiu.KorneevaEA.Sprint3.Task5.V13.Lib\Tyuiu.KorneevaEA.Sprint3.Task5.V13.Lib.csproj", "{8E0D67D3-45A3-4681-962E-F1BCBFCA2DA7}"
EndProject
Global
	GlobalSection(SolutionConfigurationPlatforms) = preSolution
		Debug|Any CPU = Debug|Any CPU
		Release|Any CPU = Release|Any CPU
	EndGlobalSection
	GlobalSection(ProjectConfigurationPlatforms) = postSolution
		{B3CB2239-8CB7-43C9-B105-9B0E667B8C83}.Debug|Any CPU.ActiveCfg = Debug|Any CPU
		{B3CB2239-8CB7-43C9-B105-9B0E667B8C83}.Debug|Any CPU.Build.0 = Debug|Any CPU
		{B3CB2239-8CB7-43C9-B105-9B0E667B8C83}.Release|Any CPU.ActiveCfg = Release|Any CPU
		{B3CB2239-8CB7-43C9-B105-9B0E667B8C83}.Release|Any CPU.Build.0 = Release|Any CPU
		{C097DCAF-A545-4833-92D0-C14C344C1845}.Debug|Any CPU.ActiveCfg = Debug|Any CPU
		{C097DCAF-A545-4833-92D0-C14C344C1845}.Debug|Any CPU.Build.0 = Debug|Any CPU
		{C097DCAF-A545-4833-92D0-C14C344C1845}.Release|Any CPU.ActiveCfg = Release|Any CPU
		{C097DCAF-A545-4833-92D0-C14C344C1845}.Release|Any CPU.Build.0 = Release|Any CPU
		{FD96AD2D-69F3-4EF5-9286-721FBA7C7786}.Debug|Any CPU.ActiveCfg = Debug|Any CPU
		{FD96AD2D-69F3-4EF5-9286-721FBA7C7786}.Debug|Any CPU.Build.0 = Debug|Any CPU
		{FD96AD2D-69F3-4EF5-9286-721FBA7C7786}.Release|Any CPU.ActiveCfg = Release|Any CPU
		{FD96AD2D-69F3-4EF5-9286-721FBA7C7786}.Release|Any CPU.Build.0 = Release|Any CPU
		{3B0AFA31-EE5A-4EB5-8B92-A9D058946DC3}.Debug|Any CPU.ActiveCfg = Debug|Any CPU
		{3B0AFA31-EE5A-4EB5-8B92-A9D058946DC3}.Debug|Any CPU.Build.0 = Debug|Any CPU
		{3B0AFA31-EE5A-4EB5-8B92-A9D058946DC3}.Release|Any CPU.ActiveCfg = Release|Any CPU
		{3B0AFA31-EE5A-4EB5-8B92-A9D058946DC3}.Release|Any CPU.Build.0 = Release|Any CPU
		{F03556B8-E099-4C66-9F36-FE15D9A7CC18}.Debug|Any CPU.ActiveCfg = Debug|Any CPU
		{F03556B8-E099-4C66-9F36-FE15D9A7CC18}.Debug|Any CPU.Build.0 = Debug|Any CPU
		{F03556B8-E099-4C66-9F36-FE15D9A7CC18}.Release|Any CPU.ActiveCfg = Release|Any CPU
		{F03556B8-E099-4C66-9F36-FE15D9A7CC18}.Release|Any CPU.Build.0 = Release|Any CPU
		{5215856F-1BC3-4699-8348-6ED704854B03}.Debug|Any CPU.ActiveCfg = Debug|Any CPU
		{5215856F-1BC3-4699-8348-6ED704854B03}.Debug|Any CPU.Build.0 = Debug|Any CPU
		{5215856F-1BC3-4699-8348-6ED704854B03}.Release|Any CPU.ActiveCfg = Release|Any CPU
		{5215856F-1BC3-4699-8348-6ED704854B03}.Release|Any CPU.Build.0 = Release|Any CPU
		{BA98039A-010C-44AB-9C18-182362DD8B0B}.Debug|Any CPU.ActiveCfg = Debug|Any CPU
		{BA98039A-010C-44AB-9C18-182362DD8B0B}.Debug|Any CPU.Build.0 = Debug|Any CPU
		{BA98039A-010C-44AB-9C18-182362DD8B0B}.Release|Any CPU.ActiveCfg = Release|Any CPU
		{BA98039A-010C-44AB-9C18-182362DD8B0B}.Release|Any CPU.Build.0 = Release|Any CPU
		{E228C214-180F-4537-BED4-FEB243F14323}.Debug|Any CPU.ActiveCfg = Debug|Any CPU
		{E228C214-180F-4537-BED4-FEB243F14323}.Debug|Any CPU.Build.0 = Debug|Any CPU
		{E228C214-180F-4537-BED4-FEB243F14323}.Release|Any CPU.ActiveCfg = Release|Any CPU
		{E228C214-180F-4537-BED4-FEB243F14323}.Release|Any CPU.Build.0 = Release|Any CPU
		{31DC6D54-452C-45D3-85FC-51C4FB47DAE6}.Debug|Any CPU.ActiveCfg = Debug|Any CPU
		{31DC6D54-452C-45D3-85FC-51C4FB47DAE6}.Debug|Any CPU.Build.0 = Debug|Any CPU
		{31DC6D54-452C-45D3-85FC-51C4FB47DAE6}.Release|Any CPU.ActiveCfg = Release|Any CPU
		{31DC6D54-452C-45D3-85FC-51C4FB47DAE6}.Release|Any CPU.Build.0 = Release|Any CPU
		{C10D9BFB-2E56-4E9E-9716-92D659DE000F}.Debug|Any CPU.ActiveCfg = Debug|Any CPU
		{C10D9BFB-2E56-4E9E-9716-92D659DE000F}.Debug|Any CPU.Build.0 = Debug|Any CPU
		{C10D9BFB-2E56-4E9E-9716-92D659DE000F}.Release|Any CPU.ActiveCfg = Release|Any CPU
		{C10D9BFB-2E56-4E9E-9716-92D659DE000F}.Release|Any CPU.Build.0 = Release|Any CPU
		{6D74F992-4627-42E6-A97D-7980212F0DD6}.Debug|Any CPU.ActiveCfg = Debug|Any CPU
		{6D74F992-4627-42E6-A97D-7980212F0DD6}.Debug|Any CPU.Build.0 = Debug|Any CPU
		{6D74F992-4627-42E6-A97D-7980212F0DD6}.Release|Any CPU.ActiveCfg = Release|Any CPU
		{6D74F992-4627-42E6-A97D-7980212F0DD6}.Release|Any CPU.Build.0 = Release|Any CPU
		{F5505AF8-54E3-4E9F-AA79-DE723367C038}.Debug|Any CPU.ActiveCfg = Debug|Any CPU
		{F5505AF8-54E3-4E9F-AA79-DE723367C038}.Debug|Any CPU.Build.0 = Debug|Any CPU
		{F5505AF8-54E3-4E9F-AA79-DE723367C038}.Release|Any CPU.ActiveCfg = Release|Any CPU
		{F5505AF8-54E3-4E9F-AA79-DE723367C038}.Release|Any CPU.Build.0 = Release|Any CPU
		{D352231D-4975-410D-A552-D1BCB17D99B7}.Debug|Any CPU.ActiveCfg = Debug|Any CPU
		{D352231D-4975-410D-A552-D1BCB17D99B7}.Debug|Any CPU.Build.0 = Debug|Any CPU
		{D352231D-4975-410D-A552-D1BCB17D99B7}.Release|Any CPU.ActiveCfg = Release|Any CPU
		{D352231D-4975-410D-A552-D1BCB17D99B7}.Release|Any CPU.Build.0 = Release|Any CPU
		{81A42146-894A-4B11-A899-DDD262DB0C3E}.Debug|Any CPU.ActiveCfg = Debug|Any CPU
		{81A42146-894A-4B11-A899-DDD262DB0C3E}.Debug|Any CPU.Build.0 = Debug|Any CPU
		{81A42146-894A-4B11-A899-DDD262DB0C3E}.Release|Any CPU.ActiveCfg = Release|Any CPU
		{81A42146-894A-4B11-A899-DDD262DB0C3E}.Release|Any CPU.Build.0 = Release|Any CPU
		{E4CBBB4F-DFEA-4131-BA30-62569FE450EA}.Debug|Any CPU.ActiveCfg = Debug|Any CPU
		{E4CBBB4F-DFEA-4131-BA30-62569FE450EA}.Debug|Any CPU.Build.0 = Debug|Any CPU
		{E4CBBB4F-DFEA-4131-BA30-62569FE450EA}.Release|Any CPU.ActiveCfg = Release|Any CPU
		{E4CBBB4F-DFEA-4131-BA30-62569FE450EA}.Release|Any CPU.Build.0 = Release|Any CPU
		{D8BB3B39-78C4-4D98-924F-974FC4D0DC0D}.Debug|Any CPU.ActiveCfg = Debug|Any CPU
		{D8BB3B39-78C4-4D98-924F-974FC4D0DC0D}.Debug|Any CPU.Build.0 = Debug|Any CPU
		{D8BB3B39-78C4-4D98-924F-974FC4D0DC0D}.Release|Any CPU.ActiveCfg = Release|Any CPU
		{D8BB3B39-78C4-4D98-924F-974FC4D0DC0D}.Release|Any CPU.Build.0 = Release|Any CPU
		{14C5DC46-1D18-4397-B245-063DFBBECC3A}.Debug|Any CPU.ActiveCfg = Debug|Any CPU
		{14C5DC46-1D18-4397-B245-063DFBBECC3A}.Debug|Any CPU.Build.0 = Debug|Any CPU
		{14C5DC46-1D18-4397-B245-063DFBBECC3A}.Release|Any CPU.ActiveCfg = Release|Any CPU
		{14C5DC46-1D18-4397-B245-063DFBBECC3A}.Release|Any CPU.Build.0 = Release|Any CPU
		{8E0D67D3-45A3-4681-962E-F1BCBFCA2DA7}.Debug|Any CPU.ActiveCfg = Debug|Any CPU
		{8E0D67D3-45A3-4681-962E-F1BCBFCA2DA7}.Debug|Any CPU.Build.0 = Debug|Any CPU
		{8E0D67D3-45A3-4681-962E-F1BCBFCA2DA7}.Release|Any CPU.ActiveCfg = Release|Any CPU
		{8E0D67D3-45A3-4681-962E-F1BCBFCA2DA7}.Release|Any CPU.Build.0 = Release|Any CPU
	EndGlobalSection
	GlobalSection(SolutionProperties) = preSolution
		HideSolutionNode = FALSE
	EndGlobalSection
	GlobalSection(NestedProjects) = preSolution
		{B3CB2239-8CB7-43C9-B105-9B0E667B8C83} = {A3A27498-2F06-4757-B0D5-95E2F9E286EB}
		{C097DCAF-A545-4833-92D0-C14C344C1845} = {A3A27498-2F06-4757-B0D5-95E2F9E286EB}
		{FD96AD2D-69F3-4EF5-9286-721FBA7C7786} = {A3A27498-2F06-4757-B0D5-95E2F9E286EB}
		{3B0AFA31-EE5A-4EB5-8B92-A9D058946DC3} = {C470B2FA-73E9-455C-B1C0-17BFC98B26F6}
		{F03556B8-E099-4C66-9F36-FE15D9A7CC18} = {C470B2FA-73E9-455C-B1C0-17BFC98B26F6}
		{5215856F-1BC3-4699-8348-6ED704854B03} = {C470B2FA-73E9-455C-B1C0-17BFC98B26F6}
		{BA98039A-010C-44AB-9C18-182362DD8B0B} = {D484C6F3-435D-401C-9883-E84711F1E0C9}
		{E228C214-180F-4537-BED4-FEB243F14323} = {D484C6F3-435D-401C-9883-E84711F1E0C9}
		{31DC6D54-452C-45D3-85FC-51C4FB47DAE6} = {D484C6F3-435D-401C-9883-E84711F1E0C9}
		{C10D9BFB-2E56-4E9E-9716-92D659DE000F} = {43E4F9DF-3DC3-40EC-85BB-A73296832567}
		{6D74F992-4627-42E6-A97D-7980212F0DD6} = {43E4F9DF-3DC3-40EC-85BB-A73296832567}
		{F5505AF8-54E3-4E9F-AA79-DE723367C038} = {43E4F9DF-3DC3-40EC-85BB-A73296832567}
		{D352231D-4975-410D-A552-D1BCB17D99B7} = {40F1EDBD-8093-402F-824D-FCFFDA5C0796}
		{81A42146-894A-4B11-A899-DDD262DB0C3E} = {40F1EDBD-8093-402F-824D-FCFFDA5C0796}
		{E4CBBB4F-DFEA-4131-BA30-62569FE450EA} = {40F1EDBD-8093-402F-824D-FCFFDA5C0796}
		{D8BB3B39-78C4-4D98-924F-974FC4D0DC0D} = {52638DF9-B494-4B35-BBA8-5E62FF275508}
		{14C5DC46-1D18-4397-B245-063DFBBECC3A} = {52638DF9-B494-4B35-BBA8-5E62FF275508}
		{8E0D67D3-45A3-4681-962E-F1BCBFCA2DA7} = {52638DF9-B494-4B35-BBA8-5E62FF275508}
	EndGlobalSection
	GlobalSection(ExtensibilityGlobals) = postSolution
		SolutionGuid = {44782710-0C59-4DD6-B9AF-19720FDE1F80}
	EndGlobalSection
EndGlobal
